{
    "_readme": [
        "This file locks the dependencies of your project to a known state",
        "Read more about it at https://getcomposer.org/doc/01-basic-usage.md#installing-dependencies",
        "This file is @generated automatically"
    ],
    "content-hash": "89dcf0847b6bfd6dc594583be59be457",
    "packages": [
        {
            "name": "lis-dev/nova-poshta-api-2",
            "version": "0.1.6",
            "source": {
                "type": "git",
                "url": "https://github.com/lis-dev/nova-poshta-api-2.git",
                "reference": "0460cf3cf44b1bc078d0ea439ea8c197e718c0bb"
            },
            "dist": {
                "type": "zip",
                "url": "https://api.github.com/repos/lis-dev/nova-poshta-api-2/zipball/0460cf3cf44b1bc078d0ea439ea8c197e718c0bb",
                "reference": "0460cf3cf44b1bc078d0ea439ea8c197e718c0bb",
                "shasum": ""
            },
            "require": {
                "php": ">=5.3.0"
            },
            "require-dev": {
                "phpunit/phpunit": "~4.4"
            },
            "type": "library",
            "autoload": {
                "psr-4": {
                    "LisDev\\": "src/"
                }
            },
            "notification-url": "https://packagist.org/downloads/",
            "license": [
                "MIT"
            ],
            "authors": [
                {
                    "name": "Igor Ivashchenko",
                    "homepage": "https://github.com/lis-dev/nova-poshta-api-2",
                    "role": "Developer"
                },
                {
                    "name": "Team",
                    "homepage": "https://github.com/lis-dev/nova-poshta-api-2/graphs/contributors",
                    "role": "Contributors"
                }
            ],
            "description": "PHP class for API 2.0 ukrainian delivery company \"Nova Poshta\"",
            "homepage": "https://github.com/lis-dev/",
            "keywords": [
                "delivery",
                "delivery service",
                "nova poshta",
                "nova poshta api"
            ],
            "support": {
                "issues": "https://github.com/lis-dev/nova-poshta-api-2/issues",
                "source": "https://github.com/lis-dev/nova-poshta-api-2/tree/0.1.6"
            },
            "time": "2020-12-09T13:43:16+00:00"
        }
    ],
    "packages-dev": [],
    "aliases": [],
    "minimum-stability": "stable",
    "stability-flags": [],
    "prefer-stable": false,
    "prefer-lowest": false,
    "platform": [],
    "platform-dev": [],
    "plugin-api-version": "2.3.0"
}
